
Microsoft Visual Studio Solution File, Format Version 12.00
# Visual Studio 15
VisualStudioVersion = 15.0.28307.438
MinimumVisualStudioVersion = 10.0.40219.1
Project("{FAE04EC0-301F-11D3-BF4B-00C04F79EFBC}") = "MobileClient.Android", "MobileClient\MobileClient.Android\MobileClient.Android.csproj", "{3171FF8C-CEF4-43EA-ADB2-2C020E8AD3A7}"
EndProject
Project("{FAE04EC0-301F-11D3-BF4B-00C04F79EFBC}") = "MobileClient.iOS", "MobileClient\MobileClient.iOS\MobileClient.iOS.csproj", "{24393DD5-A8FC-48DE-BD1E-99AE486B22C1}"
EndProject
Project("{FAE04EC0-301F-11D3-BF4B-00C04F79EFBC}") = "MobileClient", "MobileClient\MobileClient\MobileClient.csproj", "{226DF592-ADF8-4C29-BBD7-3E8C9D8F4F54}"
EndProject
Global
	GlobalSection(SolutionConfigurationPlatforms) = preSolution
		Ad-Hoc|Any CPU = Ad-Hoc|Any CPU
		Ad-Hoc|iPhone = Ad-Hoc|iPhone
		Ad-Hoc|iPhoneSimulator = Ad-Hoc|iPhoneSimulator
		AppStore|Any CPU = AppStore|Any CPU
		AppStore|iPhone = AppStore|iPhone
		AppStore|iPhoneSimulator = AppStore|iPhoneSimulator
		Debug|Any CPU = Debug|Any CPU
		Debug|iPhone = Debug|iPhone
		Debug|iPhoneSimulator = Debug|iPhoneSimulator
		Release|Any CPU = Release|Any CPU
		Release|iPhone = Release|iPhone
		Release|iPhoneSimulator = Release|iPhoneSimulator
	EndGlobalSection
	GlobalSection(ProjectConfigurationPlatforms) = postSolution
		{3171FF8C-CEF4-43EA-ADB2-2C020E8AD3A7}.Ad-Hoc|Any CPU.ActiveCfg = Release|Any CPU
		{3171FF8C-CEF4-43EA-ADB2-2C020E8AD3A7}.Ad-Hoc|Any CPU.Build.0 = Release|Any CPU
		{3171FF8C-CEF4-43EA-ADB2-2C020E8AD3A7}.Ad-Hoc|Any CPU.Deploy.0 = Release|Any CPU
		{3171FF8C-CEF4-43EA-ADB2-2C020E8AD3A7}.Ad-Hoc|iPhone.ActiveCfg = Release|Any CPU
		{3171FF8C-CEF4-43EA-ADB2-2C020E8AD3A7}.Ad-Hoc|iPhone.Build.0 = Release|Any CPU
		{3171FF8C-CEF4-43EA-ADB2-2C020E8AD3A7}.Ad-Hoc|iPhone.Deploy.0 = Release|Any CPU
		{3171FF8C-CEF4-43EA-ADB2-2C020E8AD3A7}.Ad-Hoc|iPhoneSimulator.ActiveCfg = Release|Any CPU
		{3171FF8C-CEF4-43EA-ADB2-2C020E8AD3A7}.Ad-Hoc|iPhoneSimulator.Build.0 = Release|Any CPU
		{3171FF8C-CEF4-43EA-ADB2-2C020E8AD3A7}.Ad-Hoc|iPhoneSimulator.Deploy.0 = Release|Any CPU
		{3171FF8C-CEF4-43EA-ADB2-2C020E8AD3A7}.AppStore|Any CPU.ActiveCfg = Release|Any CPU
		{3171FF8C-CEF4-43EA-ADB2-2C020E8AD3A7}.AppStore|Any CPU.Build.0 = Release|Any CPU
		{3171FF8C-CEF4-43EA-ADB2-2C020E8AD3A7}.AppStore|Any CPU.Deploy.0 = Release|Any CPU
		{3171FF8C-CEF4-43EA-ADB2-2C020E8AD3A7}.AppStore|iPhone.ActiveCfg = Release|Any CPU
		{3171FF8C-CEF4-43EA-ADB2-2C020E8AD3A7}.AppStore|iPhone.Build.0 = Release|Any CPU
		{3171FF8C-CEF4-43EA-ADB2-2C020E8AD3A7}.AppStore|iPhone.Deploy.0 = Release|Any CPU
		{3171FF8C-CEF4-43EA-ADB2-2C020E8AD3A7}.AppStore|iPhoneSimulator.ActiveCfg = Release|Any CPU
		{3171FF8C-CEF4-43EA-ADB2-2C020E8AD3A7}.AppStore|iPhoneSimulator.Build.0 = Release|Any CPU
		{3171FF8C-CEF4-43EA-ADB2-2C020E8AD3A7}.AppStore|iPhoneSimulator.Deploy.0 = Release|Any CPU
		{3171FF8C-CEF4-43EA-ADB2-2C020E8AD3A7}.Debug|Any CPU.ActiveCfg = Debug|Any CPU
		{3171FF8C-CEF4-43EA-ADB2-2C020E8AD3A7}.Debug|Any CPU.Build.0 = Debug|Any CPU
		{3171FF8C-CEF4-43EA-ADB2-2C020E8AD3A7}.Debug|Any CPU.Deploy.0 = Debug|Any CPU
		{3171FF8C-CEF4-43EA-ADB2-2C020E8AD3A7}.Debug|iPhone.ActiveCfg = Debug|Any CPU
		{3171FF8C-CEF4-43EA-ADB2-2C020E8AD3A7}.Debug|iPhone.Build.0 = Debug|Any CPU
		{3171FF8C-CEF4-43EA-ADB2-2C020E8AD3A7}.Debug|iPhone.Deploy.0 = Debug|Any CPU
		{3171FF8C-CEF4-43EA-ADB2-2C020E8AD3A7}.Debug|iPhoneSimulator.ActiveCfg = Debug|Any CPU
		{3171FF8C-CEF4-43EA-ADB2-2C020E8AD3A7}.Debug|iPhoneSimulator.Build.0 = Debug|Any CPU
		{3171FF8C-CEF4-43EA-ADB2-2C020E8AD3A7}.Debug|iPhoneSimulator.Deploy.0 = Debug|Any CPU
		{3171FF8C-CEF4-43EA-ADB2-2C020E8AD3A7}.Release|Any CPU.ActiveCfg = Release|Any CPU
		{3171FF8C-CEF4-43EA-ADB2-2C020E8AD3A7}.Release|Any CPU.Build.0 = Release|Any CPU
		{3171FF8C-CEF4-43EA-ADB2-2C020E8AD3A7}.Release|Any CPU.Deploy.0 = Release|Any CPU
		{3171FF8C-CEF4-43EA-ADB2-2C020E8AD3A7}.Release|iPhone.ActiveCfg = Release|Any CPU
		{3171FF8C-CEF4-43EA-ADB2-2C020E8AD3A7}.Release|iPhone.Build.0 = Release|Any CPU
		{3171FF8C-CEF4-43EA-ADB2-2C020E8AD3A7}.Release|iPhone.Deploy.0 = Release|Any CPU
		{3171FF8C-CEF4-43EA-ADB2-2C020E8AD3A7}.Release|iPhoneSimulator.ActiveCfg = Release|Any CPU
		{3171FF8C-CEF4-43EA-ADB2-2C020E8AD3A7}.Release|iPhoneSimulator.Build.0 = Release|Any CPU
		{3171FF8C-CEF4-43EA-ADB2-2C020E8AD3A7}.Release|iPhoneSimulator.Deploy.0 = Release|Any CPU
		{24393DD5-A8FC-48DE-BD1E-99AE486B22C1}.Ad-Hoc|Any CPU.ActiveCfg = Ad-Hoc|iPhone
		{24393DD5-A8FC-48DE-BD1E-99AE486B22C1}.Ad-Hoc|Any CPU.Build.0 = Ad-Hoc|iPhone
		{24393DD5-A8FC-48DE-BD1E-99AE486B22C1}.Ad-Hoc|Any CPU.Deploy.0 = Ad-Hoc|iPhone
		{24393DD5-A8FC-48DE-BD1E-99AE486B22C1}.Ad-Hoc|iPhone.ActiveCfg = Ad-Hoc|iPhone
		{24393DD5-A8FC-48DE-BD1E-99AE486B22C1}.Ad-Hoc|iPhone.Build.0 = Ad-Hoc|iPhone
		{24393DD5-A8FC-48DE-BD1E-99AE486B22C1}.Ad-Hoc|iPhone.Deploy.0 = Ad-Hoc|iPhone
		{24393DD5-A8FC-48DE-BD1E-99AE486B22C1}.Ad-Hoc|iPhoneSimulator.ActiveCfg = Ad-Hoc|iPhoneSimulator
		{24393DD5-A8FC-48DE-BD1E-99AE486B22C1}.Ad-Hoc|iPhoneSimulator.Build.0 = Ad-Hoc|iPhoneSimulator
		{24393DD5-A8FC-48DE-BD1E-99AE486B22C1}.Ad-Hoc|iPhoneSimulator.Deploy.0 = Ad-Hoc|iPhoneSimulator
		{24393DD5-A8FC-48DE-BD1E-99AE486B22C1}.AppStore|Any CPU.ActiveCfg = AppStore|iPhone
		{24393DD5-A8FC-48DE-BD1E-99AE486B22C1}.AppStore|Any CPU.Build.0 = AppStore|iPhone
		{24393DD5-A8FC-48DE-BD1E-99AE486B22C1}.AppStore|Any CPU.Deploy.0 = AppStore|iPhone
		{24393DD5-A8FC-48DE-BD1E-99AE486B22C1}.AppStore|iPhone.ActiveCfg = AppStore|iPhone
		{24393DD5-A8FC-48DE-BD1E-99AE486B22C1}.AppStore|iPhone.Build.0 = AppStore|iPhone
		{24393DD5-A8FC-48DE-BD1E-99AE486B22C1}.AppStore|iPhone.Deploy.0 = AppStore|iPhone
		{24393DD5-A8FC-48DE-BD1E-99AE486B22C1}.AppStore|iPhoneSimulator.ActiveCfg = AppStore|iPhoneSimulator
		{24393DD5-A8FC-48DE-BD1E-99AE486B22C1}.AppStore|iPhoneSimulator.Build.0 = AppStore|iPhoneSimulator
		{24393DD5-A8FC-48DE-BD1E-99AE486B22C1}.AppStore|iPhoneSimulator.Deploy.0 = AppStore|iPhoneSimulator
		{24393DD5-A8FC-48DE-BD1E-99AE486B22C1}.Debug|Any CPU.ActiveCfg = Debug|iPhoneSimulator
		{24393DD5-A8FC-48DE-BD1E-99AE486B22C1}.Debug|Any CPU.Build.0 = Debug|iPhoneSimulator
		{24393DD5-A8FC-48DE-BD1E-99AE486B22C1}.Debug|Any CPU.Deploy.0 = Debug|iPhoneSimulator
		{24393DD5-A8FC-48DE-BD1E-99AE486B22C1}.Debug|iPhone.ActiveCfg = Debug|iPhone
		{24393DD5-A8FC-48DE-BD1E-99AE486B22C1}.Debug|iPhone.Build.0 = Debug|iPhone
		{24393DD5-A8FC-48DE-BD1E-99AE486B22C1}.Debug|iPhone.Deploy.0 = Debug|iPhone
		{24393DD5-A8FC-48DE-BD1E-99AE486B22C1}.Debug|iPhoneSimulator.ActiveCfg = Debug|iPhoneSimulator
		{24393DD5-A8FC-48DE-BD1E-99AE486B22C1}.Debug|iPhoneSimulator.Build.0 = Debug|iPhoneSimulator
		{24393DD5-A8FC-48DE-BD1E-99AE486B22C1}.Debug|iPhoneSimulator.Deploy.0 = Debug|iPhoneSimulator
		{24393DD5-A8FC-48DE-BD1E-99AE486B22C1}.Release|Any CPU.ActiveCfg = Release|iPhone
		{24393DD5-A8FC-48DE-BD1E-99AE486B22C1}.Release|Any CPU.Build.0 = Release|iPhone
		{24393DD5-A8FC-48DE-BD1E-99AE486B22C1}.Release|Any CPU.Deploy.0 = Release|iPhone
		{24393DD5-A8FC-48DE-BD1E-99AE486B22C1}.Release|iPhone.ActiveCfg = Release|iPhone
		{24393DD5-A8FC-48DE-BD1E-99AE486B22C1}.Release|iPhone.Build.0 = Release|iPhone
		{24393DD5-A8FC-48DE-BD1E-99AE486B22C1}.Release|iPhone.Deploy.0 = Release|iPhone
		{24393DD5-A8FC-48DE-BD1E-99AE486B22C1}.Release|iPhoneSimulator.ActiveCfg = Release|iPhoneSimulator
		{24393DD5-A8FC-48DE-BD1E-99AE486B22C1}.Release|iPhoneSimulator.Build.0 = Release|iPhoneSimulator
		{24393DD5-A8FC-48DE-BD1E-99AE486B22C1}.Release|iPhoneSimulator.Deploy.0 = Release|iPhoneSimulator
		{226DF592-ADF8-4C29-BBD7-3E8C9D8F4F54}.Ad-Hoc|Any CPU.ActiveCfg = Debug|Any CPU
		{226DF592-ADF8-4C29-BBD7-3E8C9D8F4F54}.Ad-Hoc|Any CPU.Build.0 = Debug|Any CPU
		{226DF592-ADF8-4C29-BBD7-3E8C9D8F4F54}.Ad-Hoc|Any CPU.Deploy.0 = Debug|Any CPU
		{226DF592-ADF8-4C29-BBD7-3E8C9D8F4F54}.Ad-Hoc|iPhone.ActiveCfg = Debug|Any CPU
		{226DF592-ADF8-4C29-BBD7-3E8C9D8F4F54}.Ad-Hoc|iPhone.Build.0 = Debug|Any CPU
		{226DF592-ADF8-4C29-BBD7-3E8C9D8F4F54}.Ad-Hoc|iPhone.Deploy.0 = Debug|Any CPU
		{226DF592-ADF8-4C29-BBD7-3E8C9D8F4F54}.Ad-Hoc|iPhoneSimulator.ActiveCfg = Debug|Any CPU
		{226DF592-ADF8-4C29-BBD7-3E8C9D8F4F54}.Ad-Hoc|iPhoneSimulator.Build.0 = Debug|Any CPU
		{226DF592-ADF8-4C29-BBD7-3E8C9D8F4F54}.Ad-Hoc|iPhoneSimulator.Deploy.0 = Debug|Any CPU
		{226DF592-ADF8-4C29-BBD7-3E8C9D8F4F54}.AppStore|Any CPU.ActiveCfg = Debug|Any CPU
		{226DF592-ADF8-4C29-BBD7-3E8C9D8F4F54}.AppStore|Any CPU.Build.0 = Debug|Any CPU
		{226DF592-ADF8-4C29-BBD7-3E8C9D8F4F54}.AppStore|Any CPU.Deploy.0 = Debug|Any CPU
		{226DF592-ADF8-4C29-BBD7-3E8C9D8F4F54}.AppStore|iPhone.ActiveCfg = Debug|Any CPU
		{226DF592-ADF8-4C29-BBD7-3E8C9D8F4F54}.AppStore|iPhone.Build.0 = Debug|Any CPU
		{226DF592-ADF8-4C29-BBD7-3E8C9D8F4F54}.AppStore|iPhone.Deploy.0 = Debug|Any CPU
		{226DF592-ADF8-4C29-BBD7-3E8C9D8F4F54}.AppStore|iPhoneSimulator.ActiveCfg = Debug|Any CPU
		{226DF592-ADF8-4C29-BBD7-3E8C9D8F4F54}.AppStore|iPhoneSimulator.Build.0 = Debug|Any CPU
		{226DF592-ADF8-4C29-BBD7-3E8C9D8F4F54}.AppStore|iPhoneSimulator.Deploy.0 = Debug|Any CPU
		{226DF592-ADF8-4C29-BBD7-3E8C9D8F4F54}.Debug|Any CPU.ActiveCfg = Debug|Any CPU
		{226DF592-ADF8-4C29-BBD7-3E8C9D8F4F54}.Debug|Any CPU.Build.0 = Debug|Any CPU
		{226DF592-ADF8-4C29-BBD7-3E8C9D8F4F54}.Debug|Any CPU.Deploy.0 = Debug|Any CPU
		{226DF592-ADF8-4C29-BBD7-3E8C9D8F4F54}.Debug|iPhone.ActiveCfg = Debug|Any CPU
		{226DF592-ADF8-4C29-BBD7-3E8C9D8F4F54}.Debug|iPhone.Build.0 = Debug|Any CPU
		{226DF592-ADF8-4C29-BBD7-3E8C9D8F4F54}.Debug|iPhone.Deploy.0 = Debug|Any CPU
		{226DF592-ADF8-4C29-BBD7-3E8C9D8F4F54}.Debug|iPhoneSimulator.ActiveCfg = Debug|Any CPU
		{226DF592-ADF8-4C29-BBD7-3E8C9D8F4F54}.Debug|iPhoneSimulator.Build.0 = Debug|Any CPU
		{226DF592-ADF8-4C29-BBD7-3E8C9D8F4F54}.Debug|iPhoneSimulator.Deploy.0 = Debug|Any CPU
		{226DF592-ADF8-4C29-BBD7-3E8C9D8F4F54}.Release|Any CPU.ActiveCfg = Release|Any CPU
		{226DF592-ADF8-4C29-BBD7-3E8C9D8F4F54}.Release|Any CPU.Build.0 = Release|Any CPU
		{226DF592-ADF8-4C29-BBD7-3E8C9D8F4F54}.Release|Any CPU.Deploy.0 = Release|Any CPU
		{226DF592-ADF8-4C29-BBD7-3E8C9D8F4F54}.Release|iPhone.ActiveCfg = Release|Any CPU
		{226DF592-ADF8-4C29-BBD7-3E8C9D8F4F54}.Release|iPhone.Build.0 = Release|Any CPU
		{226DF592-ADF8-4C29-BBD7-3E8C9D8F4F54}.Release|iPhone.Deploy.0 = Release|Any CPU
		{226DF592-ADF8-4C29-BBD7-3E8C9D8F4F54}.Release|iPhoneSimulator.ActiveCfg = Release|Any CPU
		{226DF592-ADF8-4C29-BBD7-3E8C9D8F4F54}.Release|iPhoneSimulator.Build.0 = Release|Any CPU
		{226DF592-ADF8-4C29-BBD7-3E8C9D8F4F54}.Release|iPhoneSimulator.Deploy.0 = Release|Any CPU
	EndGlobalSection
	GlobalSection(SolutionProperties) = preSolution
		HideSolutionNode = FALSE
	EndGlobalSection
	GlobalSection(ExtensibilityGlobals) = postSolution
		SolutionGuid = {C0D7C66B-425E-438D-A32A-DA9FBD62D989}
	EndGlobalSection
EndGlobal
